
Microsoft Visual Studio Solution File, Format Version 12.00
# Visual Studio 2017
Project("{FAE04EC0-301F-11D3-BF4B-00C04F79EFBC}") = "DontTouchSpikes", "DontTouchSpikes.csproj", "{F6A351FF-4C0C-70B3-BDBD-B81007E4ADCD}"
EndProject
Global
	GlobalSection(SolutionConfigurationPlatforms) = preSolution
		Debug|Any CPU = Debug|Any CPU
		Release|Any CPU = Release|Any CPU
	EndGlobalSection
	GlobalSection(ProjectConfigurationPlatforms) = postSolution
		{F6A351FF-4C0C-70B3-BDBD-B81007E4ADCD}.Debug|Any CPU.ActiveCfg = Debug|Any CPU
		{F6A351FF-4C0C-70B3-BDBD-B81007E4ADCD}.Debug|Any CPU.Build.0 = Debug|Any CPU
		{F6A351FF-4C0C-70B3-BDBD-B81007E4ADCD}.Release|Any CPU.ActiveCfg = Release|Any CPU
		{F6A351FF-4C0C-70B3-BDBD-B81007E4ADCD}.Release|Any CPU.Build.0 = Release|Any CPU
	EndGlobalSection
	GlobalSection(SolutionProperties) = preSolution
		HideSolutionNode = FALSE
	EndGlobalSection
EndGlobal
